{
  "name": "homework_2_install",
  "version": "1.0.0",
  "lockfileVersion": 3,
  "requires": true,
  "packages": {
    "": {
      "name": "homework_2_install",
      "version": "1.0.0",
      "license": "ISC",
      "dependencies": {
        "ann_math_package": "^1.0.0"
      }
    },
    "node_modules/ann_math_package": {
      "version": "1.0.0",
      "resolved": "https://registry.npmjs.org/ann_math_package/-/ann_math_package-1.0.0.tgz",
      "integrity": "sha512-mEzjbvhFKmNavsIewlniDZ1do65/IFueP8bd/DI0JkDAnIsCpifcZWT/YeYzuWh0Bi0lk87a00XETulkL4etuw=="
    }
  }
}
